
Microsoft Visual Studio Solution File, Format Version 12.00
# Visual Studio Version 16
VisualStudioVersion = 16.0.31229.75
MinimumVisualStudioVersion = 10.0.40219.1
Project("{FAE04EC0-301F-11D3-BF4B-00C04F79EFBC}") = "AvatarView.UWP", "AvatarView\AvatarView.UWP\AvatarView.UWP.csproj", "{3ADF0543-9B84-4AB6-83E3-9CDDF6FD0303}"
EndProject
Project("{FAE04EC0-301F-11D3-BF4B-00C04F79EFBC}") = "AvatarView.Android", "AvatarView\AvatarView.Android\AvatarView.Android.csproj", "{77070D32-F9A2-493A-ABA9-A29F23A54AA6}"
EndProject
Project("{FAE04EC0-301F-11D3-BF4B-00C04F79EFBC}") = "AvatarView.iOS", "AvatarView\AvatarView.iOS\AvatarView.iOS.csproj", "{B0071A4C-F99E-49B0-9E35-E7481C8D6FAE}"
EndProject
Project("{FAE04EC0-301F-11D3-BF4B-00C04F79EFBC}") = "AvatarView", "AvatarView\AvatarView\AvatarView.csproj", "{13BD6115-A37F-481E-A551-76C225ED5D59}"
EndProject
Global
	GlobalSection(SolutionConfigurationPlatforms) = preSolution
		Debug|Any CPU = Debug|Any CPU
		Debug|ARM = Debug|ARM
		Debug|iPhone = Debug|iPhone
		Debug|iPhoneSimulator = Debug|iPhoneSimulator
		Debug|x64 = Debug|x64
		Debug|x86 = Debug|x86
		Release|Any CPU = Release|Any CPU
		Release|ARM = Release|ARM
		Release|iPhone = Release|iPhone
		Release|iPhoneSimulator = Release|iPhoneSimulator
		Release|x64 = Release|x64
		Release|x86 = Release|x86
	EndGlobalSection
	GlobalSection(ProjectConfigurationPlatforms) = postSolution
		{3ADF0543-9B84-4AB6-83E3-9CDDF6FD0303}.Debug|Any CPU.ActiveCfg = Debug|x86
		{3ADF0543-9B84-4AB6-83E3-9CDDF6FD0303}.Debug|Any CPU.Build.0 = Debug|x86
		{3ADF0543-9B84-4AB6-83E3-9CDDF6FD0303}.Debug|Any CPU.Deploy.0 = Debug|x86
		{3ADF0543-9B84-4AB6-83E3-9CDDF6FD0303}.Debug|ARM.ActiveCfg = Debug|ARM
		{3ADF0543-9B84-4AB6-83E3-9CDDF6FD0303}.Debug|ARM.Build.0 = Debug|ARM
		{3ADF0543-9B84-4AB6-83E3-9CDDF6FD0303}.Debug|ARM.Deploy.0 = Debug|ARM
		{3ADF0543-9B84-4AB6-83E3-9CDDF6FD0303}.Debug|iPhone.ActiveCfg = Debug|x86
		{3ADF0543-9B84-4AB6-83E3-9CDDF6FD0303}.Debug|iPhone.Build.0 = Debug|x86
		{3ADF0543-9B84-4AB6-83E3-9CDDF6FD0303}.Debug|iPhone.Deploy.0 = Debug|x86
		{3ADF0543-9B84-4AB6-83E3-9CDDF6FD0303}.Debug|iPhoneSimulator.ActiveCfg = Debug|x86
		{3ADF0543-9B84-4AB6-83E3-9CDDF6FD0303}.Debug|iPhoneSimulator.Build.0 = Debug|x86
		{3ADF0543-9B84-4AB6-83E3-9CDDF6FD0303}.Debug|iPhoneSimulator.Deploy.0 = Debug|x86
		{3ADF0543-9B84-4AB6-83E3-9CDDF6FD0303}.Debug|x64.ActiveCfg = Debug|x64
		{3ADF0543-9B84-4AB6-83E3-9CDDF6FD0303}.Debug|x64.Build.0 = Debug|x64
		{3ADF0543-9B84-4AB6-83E3-9CDDF6FD0303}.Debug|x64.Deploy.0 = Debug|x64
		{3ADF0543-9B84-4AB6-83E3-9CDDF6FD0303}.Debug|x86.ActiveCfg = Debug|x86
		{3ADF0543-9B84-4AB6-83E3-9CDDF6FD0303}.Debug|x86.Build.0 = Debug|x86
		{3ADF0543-9B84-4AB6-83E3-9CDDF6FD0303}.Debug|x86.Deploy.0 = Debug|x86
		{3ADF0543-9B84-4AB6-83E3-9CDDF6FD0303}.Release|Any CPU.ActiveCfg = Release|x86
		{3ADF0543-9B84-4AB6-83E3-9CDDF6FD0303}.Release|Any CPU.Build.0 = Release|x86
		{3ADF0543-9B84-4AB6-83E3-9CDDF6FD0303}.Release|Any CPU.Deploy.0 = Release|x86
		{3ADF0543-9B84-4AB6-83E3-9CDDF6FD0303}.Release|ARM.ActiveCfg = Release|ARM
		{3ADF0543-9B84-4AB6-83E3-9CDDF6FD0303}.Release|ARM.Build.0 = Release|ARM
		{3ADF0543-9B84-4AB6-83E3-9CDDF6FD0303}.Release|ARM.Deploy.0 = Release|ARM
		{3ADF0543-9B84-4AB6-83E3-9CDDF6FD0303}.Release|iPhone.ActiveCfg = Release|x86
		{3ADF0543-9B84-4AB6-83E3-9CDDF6FD0303}.Release|iPhone.Build.0 = Release|x86
		{3ADF0543-9B84-4AB6-83E3-9CDDF6FD0303}.Release|iPhone.Deploy.0 = Release|x86
		{3ADF0543-9B84-4AB6-83E3-9CDDF6FD0303}.Release|iPhoneSimulator.ActiveCfg = Release|x86
		{3ADF0543-9B84-4AB6-83E3-9CDDF6FD0303}.Release|iPhoneSimulator.Build.0 = Release|x86
		{3ADF0543-9B84-4AB6-83E3-9CDDF6FD0303}.Release|iPhoneSimulator.Deploy.0 = Release|x86
		{3ADF0543-9B84-4AB6-83E3-9CDDF6FD0303}.Release|x64.ActiveCfg = Release|x64
		{3ADF0543-9B84-4AB6-83E3-9CDDF6FD0303}.Release|x64.Build.0 = Release|x64
		{3ADF0543-9B84-4AB6-83E3-9CDDF6FD0303}.Release|x64.Deploy.0 = Release|x64
		{3ADF0543-9B84-4AB6-83E3-9CDDF6FD0303}.Release|x86.ActiveCfg = Release|x86
		{3ADF0543-9B84-4AB6-83E3-9CDDF6FD0303}.Release|x86.Build.0 = Release|x86
		{3ADF0543-9B84-4AB6-83E3-9CDDF6FD0303}.Release|x86.Deploy.0 = Release|x86
		{77070D32-F9A2-493A-ABA9-A29F23A54AA6}.Debug|Any CPU.ActiveCfg = Debug|Any CPU
		{77070D32-F9A2-493A-ABA9-A29F23A54AA6}.Debug|Any CPU.Build.0 = Debug|Any CPU
		{77070D32-F9A2-493A-ABA9-A29F23A54AA6}.Debug|Any CPU.Deploy.0 = Debug|Any CPU
		{77070D32-F9A2-493A-ABA9-A29F23A54AA6}.Debug|ARM.ActiveCfg = Debug|Any CPU
		{77070D32-F9A2-493A-ABA9-A29F23A54AA6}.Debug|ARM.Build.0 = Debug|Any CPU
		{77070D32-F9A2-493A-ABA9-A29F23A54AA6}.Debug|ARM.Deploy.0 = Debug|Any CPU
		{77070D32-F9A2-493A-ABA9-A29F23A54AA6}.Debug|iPhone.ActiveCfg = Debug|Any CPU
		{77070D32-F9A2-493A-ABA9-A29F23A54AA6}.Debug|iPhone.Build.0 = Debug|Any CPU
		{77070D32-F9A2-493A-ABA9-A29F23A54AA6}.Debug|iPhone.Deploy.0 = Debug|Any CPU
		{77070D32-F9A2-493A-ABA9-A29F23A54AA6}.Debug|iPhoneSimulator.ActiveCfg = Debug|Any CPU
		{77070D32-F9A2-493A-ABA9-A29F23A54AA6}.Debug|iPhoneSimulator.Build.0 = Debug|Any CPU
		{77070D32-F9A2-493A-ABA9-A29F23A54AA6}.Debug|iPhoneSimulator.Deploy.0 = Debug|Any CPU
		{77070D32-F9A2-493A-ABA9-A29F23A54AA6}.Debug|x64.ActiveCfg = Debug|Any CPU
		{77070D32-F9A2-493A-ABA9-A29F23A54AA6}.Debug|x64.Build.0 = Debug|Any CPU
		{77070D32-F9A2-493A-ABA9-A29F23A54AA6}.Debug|x64.Deploy.0 = Debug|Any CPU
		{77070D32-F9A2-493A-ABA9-A29F23A54AA6}.Debug|x86.ActiveCfg = Debug|Any CPU
		{77070D32-F9A2-493A-ABA9-A29F23A54AA6}.Debug|x86.Build.0 = Debug|Any CPU
		{77070D32-F9A2-493A-ABA9-A29F23A54AA6}.Debug|x86.Deploy.0 = Debug|Any CPU
		{77070D32-F9A2-493A-ABA9-A29F23A54AA6}.Release|Any CPU.ActiveCfg = Release|Any CPU
		{77070D32-F9A2-493A-ABA9-A29F23A54AA6}.Release|Any CPU.Build.0 = Release|Any CPU
		{77070D32-F9A2-493A-ABA9-A29F23A54AA6}.Release|Any CPU.Deploy.0 = Release|Any CPU
		{77070D32-F9A2-493A-ABA9-A29F23A54AA6}.Release|ARM.ActiveCfg = Release|Any CPU
		{77070D32-F9A2-493A-ABA9-A29F23A54AA6}.Release|ARM.Build.0 = Release|Any CPU
		{77070D32-F9A2-493A-ABA9-A29F23A54AA6}.Release|ARM.Deploy.0 = Release|Any CPU
		{77070D32-F9A2-493A-ABA9-A29F23A54AA6}.Release|iPhone.ActiveCfg = Release|Any CPU
		{77070D32-F9A2-493A-ABA9-A29F23A54AA6}.Release|iPhone.Build.0 = Release|Any CPU
		{77070D32-F9A2-493A-ABA9-A29F23A54AA6}.Release|iPhone.Deploy.0 = Release|Any CPU
		{77070D32-F9A2-493A-ABA9-A29F23A54AA6}.Release|iPhoneSimulator.ActiveCfg = Release|Any CPU
		{77070D32-F9A2-493A-ABA9-A29F23A54AA6}.Release|iPhoneSimulator.Build.0 = Release|Any CPU
		{77070D32-F9A2-493A-ABA9-A29F23A54AA6}.Release|iPhoneSimulator.Deploy.0 = Release|Any CPU
		{77070D32-F9A2-493A-ABA9-A29F23A54AA6}.Release|x64.ActiveCfg = Release|Any CPU
		{77070D32-F9A2-493A-ABA9-A29F23A54AA6}.Release|x64.Build.0 = Release|Any CPU
		{77070D32-F9A2-493A-ABA9-A29F23A54AA6}.Release|x64.Deploy.0 = Release|Any CPU
		{77070D32-F9A2-493A-ABA9-A29F23A54AA6}.Release|x86.ActiveCfg = Release|Any CPU
		{77070D32-F9A2-493A-ABA9-A29F23A54AA6}.Release|x86.Build.0 = Release|Any CPU
		{77070D32-F9A2-493A-ABA9-A29F23A54AA6}.Release|x86.Deploy.0 = Release|Any CPU
		{B0071A4C-F99E-49B0-9E35-E7481C8D6FAE}.Debug|Any CPU.ActiveCfg = Debug|iPhoneSimulator
		{B0071A4C-F99E-49B0-9E35-E7481C8D6FAE}.Debug|Any CPU.Build.0 = Debug|iPhoneSimulator
		{B0071A4C-F99E-49B0-9E35-E7481C8D6FAE}.Debug|Any CPU.Deploy.0 = Debug|iPhoneSimulator
		{B0071A4C-F99E-49B0-9E35-E7481C8D6FAE}.Debug|ARM.ActiveCfg = Debug|iPhone
		{B0071A4C-F99E-49B0-9E35-E7481C8D6FAE}.Debug|ARM.Build.0 = Debug|iPhone
		{B0071A4C-F99E-49B0-9E35-E7481C8D6FAE}.Debug|ARM.Deploy.0 = Debug|iPhone
		{B0071A4C-F99E-49B0-9E35-E7481C8D6FAE}.Debug|iPhone.ActiveCfg = Debug|iPhone
		{B0071A4C-F99E-49B0-9E35-E7481C8D6FAE}.Debug|iPhone.Build.0 = Debug|iPhone
		{B0071A4C-F99E-49B0-9E35-E7481C8D6FAE}.Debug|iPhone.Deploy.0 = Debug|iPhone
		{B0071A4C-F99E-49B0-9E35-E7481C8D6FAE}.Debug|iPhoneSimulator.ActiveCfg = Debug|iPhoneSimulator
		{B0071A4C-F99E-49B0-9E35-E7481C8D6FAE}.Debug|iPhoneSimulator.Build.0 = Debug|iPhoneSimulator
		{B0071A4C-F99E-49B0-9E35-E7481C8D6FAE}.Debug|iPhoneSimulator.Deploy.0 = Debug|iPhoneSimulator
		{B0071A4C-F99E-49B0-9E35-E7481C8D6FAE}.Debug|x64.ActiveCfg = Debug|iPhoneSimulator
		{B0071A4C-F99E-49B0-9E35-E7481C8D6FAE}.Debug|x64.Build.0 = Debug|iPhoneSimulator
		{B0071A4C-F99E-49B0-9E35-E7481C8D6FAE}.Debug|x64.Deploy.0 = Debug|iPhoneSimulator
		{B0071A4C-F99E-49B0-9E35-E7481C8D6FAE}.Debug|x86.ActiveCfg = Debug|iPhoneSimulator
		{B0071A4C-F99E-49B0-9E35-E7481C8D6FAE}.Debug|x86.Build.0 = Debug|iPhoneSimulator
		{B0071A4C-F99E-49B0-9E35-E7481C8D6FAE}.Debug|x86.Deploy.0 = Debug|iPhoneSimulator
		{B0071A4C-F99E-49B0-9E35-E7481C8D6FAE}.Release|Any CPU.ActiveCfg = Release|iPhoneSimulator
		{B0071A4C-F99E-49B0-9E35-E7481C8D6FAE}.Release|Any CPU.Build.0 = Release|iPhoneSimulator
		{B0071A4C-F99E-49B0-9E35-E7481C8D6FAE}.Release|Any CPU.Deploy.0 = Release|iPhoneSimulator
		{B0071A4C-F99E-49B0-9E35-E7481C8D6FAE}.Release|ARM.ActiveCfg = Release|iPhoneSimulator
		{B0071A4C-F99E-49B0-9E35-E7481C8D6FAE}.Release|ARM.Build.0 = Release|iPhoneSimulator
		{B0071A4C-F99E-49B0-9E35-E7481C8D6FAE}.Release|ARM.Deploy.0 = Release|iPhoneSimulator
		{B0071A4C-F99E-49B0-9E35-E7481C8D6FAE}.Release|iPhone.ActiveCfg = Release|iPhone
		{B0071A4C-F99E-49B0-9E35-E7481C8D6FAE}.Release|iPhone.Build.0 = Release|iPhone
		{B0071A4C-F99E-49B0-9E35-E7481C8D6FAE}.Release|iPhone.Deploy.0 = Release|iPhone
		{B0071A4C-F99E-49B0-9E35-E7481C8D6FAE}.Release|iPhoneSimulator.ActiveCfg = Release|iPhoneSimulator
		{B0071A4C-F99E-49B0-9E35-E7481C8D6FAE}.Release|iPhoneSimulator.Build.0 = Release|iPhoneSimulator
		{B0071A4C-F99E-49B0-9E35-E7481C8D6FAE}.Release|iPhoneSimulator.Deploy.0 = Release|iPhoneSimulator
		{B0071A4C-F99E-49B0-9E35-E7481C8D6FAE}.Release|x64.ActiveCfg = Release|iPhoneSimulator
		{B0071A4C-F99E-49B0-9E35-E7481C8D6FAE}.Release|x64.Build.0 = Release|iPhoneSimulator
		{B0071A4C-F99E-49B0-9E35-E7481C8D6FAE}.Release|x64.Deploy.0 = Release|iPhoneSimulator
		{B0071A4C-F99E-49B0-9E35-E7481C8D6FAE}.Release|x86.ActiveCfg = Release|iPhoneSimulator
		{B0071A4C-F99E-49B0-9E35-E7481C8D6FAE}.Release|x86.Build.0 = Release|iPhoneSimulator
		{B0071A4C-F99E-49B0-9E35-E7481C8D6FAE}.Release|x86.Deploy.0 = Release|iPhoneSimulator
		{13BD6115-A37F-481E-A551-76C225ED5D59}.Debug|Any CPU.ActiveCfg = Debug|Any CPU
		{13BD6115-A37F-481E-A551-76C225ED5D59}.Debug|Any CPU.Build.0 = Debug|Any CPU
		{13BD6115-A37F-481E-A551-76C225ED5D59}.Debug|Any CPU.Deploy.0 = Debug|Any CPU
		{13BD6115-A37F-481E-A551-76C225ED5D59}.Debug|ARM.ActiveCfg = Debug|Any CPU
		{13BD6115-A37F-481E-A551-76C225ED5D59}.Debug|ARM.Build.0 = Debug|Any CPU
		{13BD6115-A37F-481E-A551-76C225ED5D59}.Debug|ARM.Deploy.0 = Debug|Any CPU
		{13BD6115-A37F-481E-A551-76C225ED5D59}.Debug|iPhone.ActiveCfg = Debug|Any CPU
		{13BD6115-A37F-481E-A551-76C225ED5D59}.Debug|iPhone.Build.0 = Debug|Any CPU
		{13BD6115-A37F-481E-A551-76C225ED5D59}.Debug|iPhone.Deploy.0 = Debug|Any CPU
		{13BD6115-A37F-481E-A551-76C225ED5D59}.Debug|iPhoneSimulator.ActiveCfg = Debug|Any CPU
		{13BD6115-A37F-481E-A551-76C225ED5D59}.Debug|iPhoneSimulator.Build.0 = Debug|Any CPU
		{13BD6115-A37F-481E-A551-76C225ED5D59}.Debug|iPhoneSimulator.Deploy.0 = Debug|Any CPU
		{13BD6115-A37F-481E-A551-76C225ED5D59}.Debug|x64.ActiveCfg = Debug|Any CPU
		{13BD6115-A37F-481E-A551-76C225ED5D59}.Debug|x64.Build.0 = Debug|Any CPU
		{13BD6115-A37F-481E-A551-76C225ED5D59}.Debug|x64.Deploy.0 = Debug|Any CPU
		{13BD6115-A37F-481E-A551-76C225ED5D59}.Debug|x86.ActiveCfg = Debug|Any CPU
		{13BD6115-A37F-481E-A551-76C225ED5D59}.Debug|x86.Build.0 = Debug|Any CPU
		{13BD6115-A37F-481E-A551-76C225ED5D59}.Debug|x86.Deploy.0 = Debug|Any CPU
		{13BD6115-A37F-481E-A551-76C225ED5D59}.Release|Any CPU.ActiveCfg = Release|Any CPU
		{13BD6115-A37F-481E-A551-76C225ED5D59}.Release|Any CPU.Build.0 = Release|Any CPU
		{13BD6115-A37F-481E-A551-76C225ED5D59}.Release|Any CPU.Deploy.0 = Release|Any CPU
		{13BD6115-A37F-481E-A551-76C225ED5D59}.Release|ARM.ActiveCfg = Release|Any CPU
		{13BD6115-A37F-481E-A551-76C225ED5D59}.Release|ARM.Build.0 = Release|Any CPU
		{13BD6115-A37F-481E-A551-76C225ED5D59}.Release|ARM.Deploy.0 = Release|Any CPU
		{13BD6115-A37F-481E-A551-76C225ED5D59}.Release|iPhone.ActiveCfg = Release|Any CPU
		{13BD6115-A37F-481E-A551-76C225ED5D59}.Release|iPhone.Build.0 = Release|Any CPU
		{13BD6115-A37F-481E-A551-76C225ED5D59}.Release|iPhone.Deploy.0 = Release|Any CPU
		{13BD6115-A37F-481E-A551-76C225ED5D59}.Release|iPhoneSimulator.ActiveCfg = Release|Any CPU
		{13BD6115-A37F-481E-A551-76C225ED5D59}.Release|iPhoneSimulator.Build.0 = Release|Any CPU
		{13BD6115-A37F-481E-A551-76C225ED5D59}.Release|iPhoneSimulator.Deploy.0 = Release|Any CPU
		{13BD6115-A37F-481E-A551-76C225ED5D59}.Release|x64.ActiveCfg = Release|Any CPU
		{13BD6115-A37F-481E-A551-76C225ED5D59}.Release|x64.Build.0 = Release|Any CPU
		{13BD6115-A37F-481E-A551-76C225ED5D59}.Release|x64.Deploy.0 = Release|Any CPU
		{13BD6115-A37F-481E-A551-76C225ED5D59}.Release|x86.ActiveCfg = Release|Any CPU
		{13BD6115-A37F-481E-A551-76C225ED5D59}.Release|x86.Build.0 = Release|Any CPU
		{13BD6115-A37F-481E-A551-76C225ED5D59}.Release|x86.Deploy.0 = Release|Any CPU
	EndGlobalSection
	GlobalSection(SolutionProperties) = preSolution
		HideSolutionNode = FALSE
	EndGlobalSection
	GlobalSection(ExtensibilityGlobals) = postSolution
		SolutionGuid = {D5AAA0BC-30C4-40D1-980C-5B852092203F}
	EndGlobalSection
EndGlobal
